{
  "requires": true,
  "lockfileVersion": 1,
  "dependencies": {
    "speak-tts": {
      "version": "2.0.8",
      "resolved": "https://registry.npmjs.org/speak-tts/-/speak-tts-2.0.8.tgz",
      "integrity": "sha512-VY6Q6mRjdou6bF+x0LspvM7GJhBxHx8CLyGPTNQQ7jrztiGutyI4QNZn0cA17c4uk0FnFbA4PaMI3skeZ6PiFg=="
    },
    "text-to-speech-js": {
      "version": "1.1.10",
      "resolved": "https://registry.npmjs.org/text-to-speech-js/-/text-to-speech-js-1.1.10.tgz",
      "integrity": "sha512-53frVz2cepPJvNlHp172QNOTGU4dItR0/uUlpjEKzGkTdBF4jXwj3Ticnm8JZdjaLoqy+APCdpiWTdU5pABqnw=="
    }
  }
}
